
Microsoft Visual Studio Solution File, Format Version 12.00
# Visual Studio Version 16
VisualStudioVersion = 16.0.31613.86
MinimumVisualStudioVersion = 10.0.40219.1
Project("{FAE04EC0-301F-11D3-BF4B-00C04F79EFBC}") = "SocialNetworkApi_Test", "SocialNetworkApi_Test\SocialNetworkApi_Test.csproj", "{D56AE2EB-4DAE-484D-964A-D4F12D133C8E}"
EndProject
Global
	GlobalSection(SolutionConfigurationPlatforms) = preSolution
		Debug|Any CPU = Debug|Any CPU
		Release|Any CPU = Release|Any CPU
	EndGlobalSection
	GlobalSection(ProjectConfigurationPlatforms) = postSolution
		{D56AE2EB-4DAE-484D-964A-D4F12D133C8E}.Debug|Any CPU.ActiveCfg = Debug|Any CPU
		{D56AE2EB-4DAE-484D-964A-D4F12D133C8E}.Debug|Any CPU.Build.0 = Debug|Any CPU
		{D56AE2EB-4DAE-484D-964A-D4F12D133C8E}.Release|Any CPU.ActiveCfg = Release|Any CPU
		{D56AE2EB-4DAE-484D-964A-D4F12D133C8E}.Release|Any CPU.Build.0 = Release|Any CPU
	EndGlobalSection
	GlobalSection(SolutionProperties) = preSolution
		HideSolutionNode = FALSE
	EndGlobalSection
	GlobalSection(ExtensibilityGlobals) = postSolution
		SolutionGuid = {DE21C0FA-77AD-4E72-8B6D-5B573AA92761}
	EndGlobalSection
EndGlobal
